version = 1
requires-python = ">=3.11"
resolution-markers = [
    "python_full_version >= '3.12' and extra != 'group-15-easy-django-cli-django42' and extra != 'group-15-easy-django-cli-django50' and extra != 'group-15-easy-django-cli-django51' and extra != 'group-15-easy-django-cli-django52' and extra == 'group-15-easy-django-cli-django60'",
    "python_full_version < '3.12' and extra != 'group-15-easy-django-cli-django42' and extra != 'group-15-easy-django-cli-django50' and extra != 'group-15-easy-django-cli-django51' and extra != 'group-15-easy-django-cli-django52' and extra == 'group-15-easy-django-cli-django60'",
    "extra != 'group-15-easy-django-cli-django42' and extra != 'group-15-easy-django-cli-django50' and extra != 'group-15-easy-django-cli-django51' and extra == 'group-15-easy-django-cli-django52' and extra != 'group-15-easy-django-cli-django60'",
    "extra != 'group-15-easy-django-cli-django42' and extra != 'group-15-easy-django-cli-django50' and extra == 'group-15-easy-django-cli-django51' and extra != 'group-15-easy-django-cli-django52' and extra != 'group-15-easy-django-cli-django60'",
    "extra != 'group-15-easy-django-cli-django42' and extra == 'group-15-easy-django-cli-django50' and extra != 'group-15-easy-django-cli-django51' and extra != 'group-15-easy-django-cli-django52' and extra != 'group-15-easy-django-cli-django60'",
    "extra == 'group-15-easy-django-cli-django42' and extra != 'group-15-easy-django-cli-django50' and extra != 'group-15-easy-django-cli-django51' and extra != 'group-15-easy-django-cli-django52' and extra != 'group-15-easy-django-cli-django60'",
    "python_full_version >= '3.12' and extra != 'group-15-easy-django-cli-django42' and extra != 'group-15-easy-django-cli-django50' and extra != 'group-15-easy-django-cli-django51' and extra != 'group-15-easy-django-cli-django52' and extra != 'group-15-easy-django-cli-django60'",
    "python_full_version < '3.12' and extra != 'group-15-easy-django-cli-django42' and extra != 'group-15-easy-django-cli-django50' and extra != 'group-15-easy-django-cli-django51' and extra != 'group-15-easy-django-cli-django52' and extra != 'group-15-easy-django-cli-django60'",
]
conflicts = [[
    { package = "easy-django-cli", group = "django42" },
    { package = "easy-django-cli", group = "django50" },
    { package = "easy-django-cli", group = "django51" },
    { package = "easy-django-cli", group = "django52" },
    { package = "easy-django-cli", group = "django60" },
]]

[[package]]
name = "asgiref"
version = "3.10.0"
source = { registry = "https://pypi.org/simple" }
sdist = { url = "https://files.pythonhosted.org/packages/46/08/4dfec9b90758a59acc6be32ac82e98d1fbfc321cb5cfa410436dbacf821c/asgiref-3.10.0.tar.gz", hash = "sha256:d89f2d8cd8b56dada7d52fa7dc8075baa08fb836560710d38c292a7a3f78c04e", size = 37483 }
wheels = [
    { url = "https://files.pythonhosted.org/packages/17/9c/fc2331f538fbf7eedba64b2052e99ccf9ba9d6888e2f41441ee28847004b/asgiref-3.10.0-py3-none-any.whl", hash = "sha256:aef8a81283a34d0ab31630c9b7dfe70c812c95eba78171367ca8745e88124734", size = 24050 },
]

[[package]]
name = "colorama"
version = "0.4.6"
source = { registry = "https://pypi.org/simple" }
sdist = { url = "https://files.pythonhosted.org/packages/d8/53/6f443c9a4a8358a93a6792e2acffb9d9d5cb0a5cfd8802644b7b1c9a02e4/colorama-0.4.6.tar.gz", hash = "sha256:08695f5cb7ed6e0531a20572697297273c47b8cae5a63ffc6d6ed5c201be6e44", size = 27697 }
wheels = [
    { url = "https://files.pythonhosted.org/packages/d1/d6/3965ed04c63042e047cb6a3e6ed1a63a35087b6a609aa3a15ed8ac56c221/colorama-0.4.6-py2.py3-none-any.whl", hash = "sha256:4f1d9991f5acc0ca119f9d443620b77f9d6b33703e51011c16baf57afb285fc6", size = 25335 },
]

[[package]]
name = "django"
version = "4.2.25"
source = { registry = "https://pypi.org/simple" }
dependencies = [
    { name = "asgiref" },
    { name = "sqlparse" },
    { name = "tzdata", marker = "sys_platform == 'win32'" },
]
sdist = { url = "https://files.pythonhosted.org/packages/de/f1/230c6c20a77f8f1812c01dfd0166416e7c000a43e05f701b0b83301ebfc1/django-4.2.25.tar.gz", hash = "sha256:2391ab3d78191caaae2c963c19fd70b99e9751008da22a0adcc667c5a4f8d311", size = 10456257 }
wheels = [
    { url = "https://files.pythonhosted.org/packages/35/5d/2210dcf9a03931be94072deab1de2d3b73fa62ce91714eaea9e69f6e35c6/django-4.2.25-py3-none-any.whl", hash = "sha256:9584cf26b174b35620e53c2558b09d7eb180a655a3470474f513ff9acb494f8c", size = 7993964 },
]

[[package]]
name = "django"
version = "5.0.14"
source = { registry = "https://pypi.org/simple" }
dependencies = [
    { name = "asgiref" },
    { name = "sqlparse" },
    { name = "tzdata", marker = "sys_platform == 'win32'" },
]
sdist = { url = "https://files.pythonhosted.org/packages/9d/a4/cc0205045386b5be8eecb15a95f290383d103f0db5f7e34f93dcc340d5b0/Django-5.0.14.tar.gz", hash = "sha256:29019a5763dbd48da1720d687c3522ef40d1c61be6fb2fad27ed79e9f655bc11", size = 10644306 }
wheels = [
    { url = "https://files.pythonhosted.org/packages/c0/93/eabde8789f41910845567ebbff5aacd52fd80e54c934ce15b83d5f552d2c/Django-5.0.14-py3-none-any.whl", hash = "sha256:e762bef8629ee704de215ebbd32062b84f4e56327eed412e5544f6f6eb1dfd74", size = 8185934 },
]

[[package]]
name = "django"
version = "5.1.13"
source = { registry = "https://pypi.org/simple" }
dependencies = [
    { name = "asgiref" },
    { name = "sqlparse" },
    { name = "tzdata", marker = "sys_platform == 'win32'" },
]
sdist = { url = "https://files.pythonhosted.org/packages/bb/57/ad9905d03a2ee39064ee7ba69f8e2790db4a7ffaef9c54f95e7a8f2cb0a1/django-5.1.13.tar.gz", hash = "sha256:543ff21679f15e80edfc01fe7ea35f8291b6d4ea589433882913626a7c1cf929", size = 10742756 }
wheels = [
    { url = "https://files.pythonhosted.org/packages/6c/f2/4b39467b74de9bb698c95232011e97dc848f490baae8d78c2e58848c4562/django-5.1.13-py3-none-any.whl", hash = "sha256:06f257f79dc4c17f3f9e23b106a4c5ed1335abecbe731e83c598c941d14fbeed", size = 8277515 },
]

[[package]]
name = "django"
version = "5.2.7"
source = { registry = "https://pypi.org/simple" }
resolution-markers = [
    "python_full_version < '3.12' and extra != 'group-15-easy-django-cli-django42' and extra != 'group-15-easy-django-cli-django50' and extra != 'group-15-easy-django-cli-django51' and extra != 'group-15-easy-django-cli-django52' and extra == 'group-15-easy-django-cli-django60'",
    "extra != 'group-15-easy-django-cli-django42' and extra != 'group-15-easy-django-cli-django50' and extra != 'group-15-easy-django-cli-django51' and extra == 'group-15-easy-django-cli-django52' and extra != 'group-15-easy-django-cli-django60'",
    "python_full_version < '3.12' and extra != 'group-15-easy-django-cli-django42' and extra != 'group-15-easy-django-cli-django50' and extra != 'group-15-easy-django-cli-django51' and extra != 'group-15-easy-django-cli-django52' and extra != 'group-15-easy-django-cli-django60'",
]
dependencies = [
    { name = "asgiref" },
    { name = "sqlparse" },
    { name = "tzdata", marker = "sys_platform == 'win32'" },
]
sdist = { url = "https://files.pythonhosted.org/packages/b1/96/bd84e2bb997994de8bcda47ae4560991084e86536541d7214393880f01a8/django-5.2.7.tar.gz", hash = "sha256:e0f6f12e2551b1716a95a63a1366ca91bbcd7be059862c1b18f989b1da356cdd", size = 10865812 }
wheels = [
    { url = "https://files.pythonhosted.org/packages/8f/ef/81f3372b5dd35d8d354321155d1a38894b2b766f576d0abffac4d8ae78d9/django-5.2.7-py3-none-any.whl", hash = "sha256:59a13a6515f787dec9d97a0438cd2efac78c8aca1c80025244b0fe507fe0754b", size = 8307145 },
]

[[package]]
name = "django"
version = "6.0a1"
source = { registry = "https://pypi.org/simple" }
resolution-markers = [
    "python_full_version >= '3.12'",
]
dependencies = [
    { name = "asgiref", marker = "python_full_version >= '3.12'" },
    { name = "sqlparse", marker = "python_full_version >= '3.12'" },
    { name = "tzdata", marker = "python_full_version >= '3.12' and sys_platform == 'win32'" },
]
sdist = { url = "https://files.pythonhosted.org/packages/91/12/a219b5c2a0c4377f58859f5b68f14449f36ea6668bc20816ad51bef3b5d0/django-6.0a1.tar.gz", hash = "sha256:0195dd90d63d2249079f610779dff5e72d51a5feda82222645e6e941c95b3992", size = 11171245 }
wheels = [
    { url = "https://files.pythonhosted.org/packages/f1/fd/92e699f92520168df34dce1d5e88322e2db3dcc2815c52fd7926eea608a6/django-6.0a1-py3-none-any.whl", hash = "sha256:8bc2b47de56a446ad9995a36c9bfeda15f5be413c65d8bde34871d5f778d9172", size = 8333170 },
]

[[package]]
name = "easy-django-cli"
version = "0.2.0"
source = { editable = "." }
dependencies = [
    { name = "django", version = "4.2.25", source = { registry = "https://pypi.org/simple" }, marker = "extra == 'group-15-easy-django-cli-django42' or (extra == 'group-15-easy-django-cli-django50' and extra == 'group-15-easy-django-cli-django51') or (extra == 'group-15-easy-django-cli-django50' and extra == 'group-15-easy-django-cli-django52') or (extra == 'group-15-easy-django-cli-django50' and extra == 'group-15-easy-django-cli-django60') or (extra == 'group-15-easy-django-cli-django51' and extra == 'group-15-easy-django-cli-django52') or (extra == 'group-15-easy-django-cli-django51' and extra == 'group-15-easy-django-cli-django60') or (extra == 'group-15-easy-django-cli-django52' and extra == 'group-15-easy-django-cli-django60')" },
    { name = "django", version = "5.0.14", source = { registry = "https://pypi.org/simple" }, marker = "extra == 'group-15-easy-django-cli-django50' or (extra == 'group-15-easy-django-cli-django42' and extra == 'group-15-easy-django-cli-django51') or (extra == 'group-15-easy-django-cli-django42' and extra == 'group-15-easy-django-cli-django52') or (extra == 'group-15-easy-django-cli-django42' and extra == 'group-15-easy-django-cli-django60') or (extra == 'group-15-easy-django-cli-django51' and extra == 'group-15-easy-django-cli-django52') or (extra == 'group-15-easy-django-cli-django51' and extra == 'group-15-easy-django-cli-django60') or (extra == 'group-15-easy-django-cli-django52' and extra == 'group-15-easy-django-cli-django60')" },
    { name = "django", version = "5.1.13", source = { registry = "https://pypi.org/simple" }, marker = "extra == 'group-15-easy-django-cli-django51' or (extra == 'group-15-easy-django-cli-django42' and extra == 'group-15-easy-django-cli-django50') or (extra == 'group-15-easy-django-cli-django50' and extra == 'group-15-easy-django-cli-django52') or (extra == 'group-15-easy-django-cli-django50' and extra == 'group-15-easy-django-cli-django60') or (extra == 'group-15-easy-django-cli-django52' and extra == 'group-15-easy-django-cli-django60') or (extra == 'group-15-easy-django-cli-django42' and extra != 'group-15-easy-django-cli-django51' and extra == 'group-15-easy-django-cli-django52') or (extra == 'group-15-easy-django-cli-django42' and extra != 'group-15-easy-django-cli-django51' and extra == 'group-15-easy-django-cli-django60')" },
    { name = "django", version = "5.2.7", source = { registry = "https://pypi.org/simple" }, marker = "(python_full_version < '3.12' and extra != 'group-15-easy-django-cli-django42' and extra != 'group-15-easy-django-cli-django50' and extra != 'group-15-easy-django-cli-django51') or extra == 'group-15-easy-django-cli-django52' or (extra == 'group-15-easy-django-cli-django42' and extra == 'group-15-easy-django-cli-django50') or (extra == 'group-15-easy-django-cli-django42' and extra == 'group-15-easy-django-cli-django51') or (extra == 'group-15-easy-django-cli-django42' and extra == 'group-15-easy-django-cli-django60') or (extra == 'group-15-easy-django-cli-django50' and extra == 'group-15-easy-django-cli-django51') or (extra == 'group-15-easy-django-cli-django50' and extra == 'group-15-easy-django-cli-django60') or (extra == 'group-15-easy-django-cli-django51' and extra == 'group-15-easy-django-cli-django60')" },
    { name = "django", version = "6.0a1", source = { registry = "https://pypi.org/simple" }, marker = "(python_full_version >= '3.12' and extra != 'group-15-easy-django-cli-django42' and extra != 'group-15-easy-django-cli-django50' and extra != 'group-15-easy-django-cli-django51' and extra != 'group-15-easy-django-cli-django52') or (extra == 'group-15-easy-django-cli-django42' and extra == 'group-15-easy-django-cli-django50') or (extra == 'group-15-easy-django-cli-django42' and extra == 'group-15-easy-django-cli-django51') or (extra == 'group-15-easy-django-cli-django42' and extra == 'group-15-easy-django-cli-django52') or (extra == 'group-15-easy-django-cli-django42' and extra == 'group-15-easy-django-cli-django60') or (extra == 'group-15-easy-django-cli-django50' and extra == 'group-15-easy-django-cli-django51') or (extra == 'group-15-easy-django-cli-django50' and extra == 'group-15-easy-django-cli-django52') or (extra == 'group-15-easy-django-cli-django50' and extra == 'group-15-easy-django-cli-django60') or (extra == 'group-15-easy-django-cli-django51' and extra == 'group-15-easy-django-cli-django52') or (extra == 'group-15-easy-django-cli-django51' and extra == 'group-15-easy-django-cli-django60') or (extra == 'group-15-easy-django-cli-django52' and extra == 'group-15-easy-django-cli-django60')" },
]

[package.dev-dependencies]
django42 = [
    { name = "django", version = "4.2.25", source = { registry = "https://pypi.org/simple" } },
]
django50 = [
    { name = "django", version = "5.0.14", source = { registry = "https://pypi.org/simple" } },
]
django51 = [
    { name = "django", version = "5.1.13", source = { registry = "https://pypi.org/simple" } },
]
django52 = [
    { name = "django", version = "5.2.7", source = { registry = "https://pypi.org/simple" } },
]
django60 = [
    { name = "django", version = "6.0a1", source = { registry = "https://pypi.org/simple" }, marker = "python_full_version >= '3.12'" },
]
test = [
    { name = "pytest" },
    { name = "pytest-django" },
]

[package.metadata]
requires-dist = [{ name = "django", specifier = ">=4.2" }]

[package.metadata.requires-dev]
django42 = [{ name = "django", specifier = ">=4.2,<5" }]
django50 = [{ name = "django", specifier = ">=5.0,<5.1" }]
django51 = [{ name = "django", specifier = ">=5.1,<5.2" }]
django52 = [{ name = "django", specifier = ">=5.2,<6" }]
django60 = [{ name = "django", marker = "python_full_version >= '3.12'", specifier = ">=6a1,<6.1" }]
test = [
    { name = "pytest" },
    { name = "pytest-django" },
]

[[package]]
name = "iniconfig"
version = "2.1.0"
source = { registry = "https://pypi.org/simple" }
sdist = { url = "https://files.pythonhosted.org/packages/f2/97/ebf4da567aa6827c909642694d71c9fcf53e5b504f2d96afea02718862f3/iniconfig-2.1.0.tar.gz", hash = "sha256:3abbd2e30b36733fee78f9c7f7308f2d0050e88f0087fd25c2645f63c773e1c7", size = 4793 }
wheels = [
    { url = "https://files.pythonhosted.org/packages/2c/e1/e6716421ea10d38022b952c159d5161ca1193197fb744506875fbb87ea7b/iniconfig-2.1.0-py3-none-any.whl", hash = "sha256:9deba5723312380e77435581c6bf4935c94cbfab9b1ed33ef8d238ea168eb760", size = 6050 },
]

[[package]]
name = "packaging"
version = "25.0"
source = { registry = "https://pypi.org/simple" }
sdist = { url = "https://files.pythonhosted.org/packages/a1/d4/1fc4078c65507b51b96ca8f8c3ba19e6a61c8253c72794544580a7b6c24d/packaging-25.0.tar.gz", hash = "sha256:d443872c98d677bf60f6a1f2f8c1cb748e8fe762d2bf9d3148b5599295b0fc4f", size = 165727 }
wheels = [
    { url = "https://files.pythonhosted.org/packages/20/12/38679034af332785aac8774540895e234f4d07f7545804097de4b666afd8/packaging-25.0-py3-none-any.whl", hash = "sha256:29572ef2b1f17581046b3a2227d5c611fb25ec70ca1ba8554b24b0e69331a484", size = 66469 },
]

[[package]]
name = "pluggy"
version = "1.6.0"
source = { registry = "https://pypi.org/simple" }
sdist = { url = "https://files.pythonhosted.org/packages/f9/e2/3e91f31a7d2b083fe6ef3fa267035b518369d9511ffab804f839851d2779/pluggy-1.6.0.tar.gz", hash = "sha256:7dcc130b76258d33b90f61b658791dede3486c3e6bfb003ee5c9bfb396dd22f3", size = 69412 }
wheels = [
    { url = "https://files.pythonhosted.org/packages/54/20/4d324d65cc6d9205fabedc306948156824eb9f0ee1633355a8f7ec5c66bf/pluggy-1.6.0-py3-none-any.whl", hash = "sha256:e920276dd6813095e9377c0bc5566d94c932c33b27a3e3945d8389c374dd4746", size = 20538 },
]

[[package]]
name = "pygments"
version = "2.19.2"
source = { registry = "https://pypi.org/simple" }
sdist = { url = "https://files.pythonhosted.org/packages/b0/77/a5b8c569bf593b0140bde72ea885a803b82086995367bf2037de0159d924/pygments-2.19.2.tar.gz", hash = "sha256:636cb2477cec7f8952536970bc533bc43743542f70392ae026374600add5b887", size = 4968631 }
wheels = [
    { url = "https://files.pythonhosted.org/packages/c7/21/705964c7812476f378728bdf590ca4b771ec72385c533964653c68e86bdc/pygments-2.19.2-py3-none-any.whl", hash = "sha256:86540386c03d588bb81d44bc3928634ff26449851e99741617ecb9037ee5ec0b", size = 1225217 },
]

[[package]]
name = "pytest"
version = "8.4.2"
source = { registry = "https://pypi.org/simple" }
dependencies = [
    { name = "colorama", marker = "sys_platform == 'win32' or (extra == 'group-15-easy-django-cli-django42' and extra == 'group-15-easy-django-cli-django50') or (extra == 'group-15-easy-django-cli-django42' and extra == 'group-15-easy-django-cli-django51') or (extra == 'group-15-easy-django-cli-django42' and extra == 'group-15-easy-django-cli-django52') or (extra == 'group-15-easy-django-cli-django42' and extra == 'group-15-easy-django-cli-django60') or (extra == 'group-15-easy-django-cli-django50' and extra == 'group-15-easy-django-cli-django51') or (extra == 'group-15-easy-django-cli-django50' and extra == 'group-15-easy-django-cli-django52') or (extra == 'group-15-easy-django-cli-django50' and extra == 'group-15-easy-django-cli-django60') or (extra == 'group-15-easy-django-cli-django51' and extra == 'group-15-easy-django-cli-django52') or (extra == 'group-15-easy-django-cli-django51' and extra == 'group-15-easy-django-cli-django60') or (extra == 'group-15-easy-django-cli-django52' and extra == 'group-15-easy-django-cli-django60')" },
    { name = "iniconfig" },
    { name = "packaging" },
    { name = "pluggy" },
    { name = "pygments" },
]
sdist = { url = "https://files.pythonhosted.org/packages/a3/5c/00a0e072241553e1a7496d638deababa67c5058571567b92a7eaa258397c/pytest-8.4.2.tar.gz", hash = "sha256:86c0d0b93306b961d58d62a4db4879f27fe25513d4b969df351abdddb3c30e01", size = 1519618 }
wheels = [
    { url = "https://files.pythonhosted.org/packages/a8/a4/20da314d277121d6534b3a980b29035dcd51e6744bd79075a6ce8fa4eb8d/pytest-8.4.2-py3-none-any.whl", hash = "sha256:872f880de3fc3a5bdc88a11b39c9710c3497a547cfa9320bc3c5e62fbf272e79", size = 365750 },
]

[[package]]
name = "pytest-django"
version = "4.11.1"
source = { registry = "https://pypi.org/simple" }
dependencies = [
    { name = "pytest" },
]
sdist = { url = "https://files.pythonhosted.org/packages/b1/fb/55d580352db26eb3d59ad50c64321ddfe228d3d8ac107db05387a2fadf3a/pytest_django-4.11.1.tar.gz", hash = "sha256:a949141a1ee103cb0e7a20f1451d355f83f5e4a5d07bdd4dcfdd1fd0ff227991", size = 86202 }
wheels = [
    { url = "https://files.pythonhosted.org/packages/be/ac/bd0608d229ec808e51a21044f3f2f27b9a37e7a0ebaca7247882e67876af/pytest_django-4.11.1-py3-none-any.whl", hash = "sha256:1b63773f648aa3d8541000c26929c1ea63934be1cfa674c76436966d73fe6a10", size = 25281 },
]

[[package]]
name = "sqlparse"
version = "0.5.3"
source = { registry = "https://pypi.org/simple" }
sdist = { url = "https://files.pythonhosted.org/packages/e5/40/edede8dd6977b0d3da179a342c198ed100dd2aba4be081861ee5911e4da4/sqlparse-0.5.3.tar.gz", hash = "sha256:09f67787f56a0b16ecdbde1bfc7f5d9c3371ca683cfeaa8e6ff60b4807ec9272", size = 84999 }
wheels = [
    { url = "https://files.pythonhosted.org/packages/a9/5c/bfd6bd0bf979426d405cc6e71eceb8701b148b16c21d2dc3c261efc61c7b/sqlparse-0.5.3-py3-none-any.whl", hash = "sha256:cf2196ed3418f3ba5de6af7e82c694a9fbdbfecccdfc72e281548517081f16ca", size = 44415 },
]

[[package]]
name = "tzdata"
version = "2025.2"
source = { registry = "https://pypi.org/simple" }
sdist = { url = "https://files.pythonhosted.org/packages/95/32/1a225d6164441be760d75c2c42e2780dc0873fe382da3e98a2e1e48361e5/tzdata-2025.2.tar.gz", hash = "sha256:b60a638fcc0daffadf82fe0f57e53d06bdec2f36c4df66280ae79bce6bd6f2b9", size = 196380 }
wheels = [
    { url = "https://files.pythonhosted.org/packages/5c/23/c7abc0ca0a1526a0774eca151daeb8de62ec457e77262b66b359c3c7679e/tzdata-2025.2-py2.py3-none-any.whl", hash = "sha256:1a403fada01ff9221ca8044d701868fa132215d84beb92242d9acd2147f667a8", size = 347839 },
]
